
Microsoft Visual Studio Solution File, Format Version 12.00
# Visual Studio Version 17
VisualStudioVersion = 17.0.31903.59
MinimumVisualStudioVersion = 10.0.40219.1
Project("{9A19103F-16F7-4668-BE54-9A1E7A4F7556}") = "rhinobill.api", "rhinobill.api\rhinobill.api.csproj", "{3C4A2347-9F33-4E9E-AC89-41A16FF2393D}"
EndProject
Project("{9A19103F-16F7-4668-BE54-9A1E7A4F7556}") = "rhinobill.core", "rhinobill.core\rhinobill.core.csproj", "{A1396835-D3E0-4B55-856F-5779471EE156}"
EndProject
Project("{2150E333-8FDC-42A3-9474-1A3956D46DE8}") = "tests", "tests", "{043ABBBE-8DF8-4078-AA52-0AAAC5094D6C}"
EndProject
Project("{2150E333-8FDC-42A3-9474-1A3956D46DE8}") = "infra", "infra", "{087DB9CB-59A7-45E6-88AC-60C5D734AFBB}"
EndProject
Project("{9A19103F-16F7-4668-BE54-9A1E7A4F7556}") = "rhinobill.sql", "rhinobill.sql\rhinobill.sql.csproj", "{1EDB9DB8-A24C-4ABE-A68D-1A2D73FEAA2A}"
EndProject
Project("{FAE04EC0-301F-11D3-BF4B-00C04F79EFBC}") = "rhinobill.component.tests", "tests\rhinobill.component.tests\rhinobill.component.tests.csproj", "{266A34B5-FB06-4850-9ACA-17277D87FFE4}"
EndProject
Global
	GlobalSection(SolutionConfigurationPlatforms) = preSolution
		Debug|Any CPU = Debug|Any CPU
		Release|Any CPU = Release|Any CPU
	EndGlobalSection
	GlobalSection(ProjectConfigurationPlatforms) = postSolution
		{3C4A2347-9F33-4E9E-AC89-41A16FF2393D}.Debug|Any CPU.ActiveCfg = Debug|Any CPU
		{3C4A2347-9F33-4E9E-AC89-41A16FF2393D}.Debug|Any CPU.Build.0 = Debug|Any CPU
		{3C4A2347-9F33-4E9E-AC89-41A16FF2393D}.Release|Any CPU.ActiveCfg = Release|Any CPU
		{3C4A2347-9F33-4E9E-AC89-41A16FF2393D}.Release|Any CPU.Build.0 = Release|Any CPU
		{A1396835-D3E0-4B55-856F-5779471EE156}.Debug|Any CPU.ActiveCfg = Debug|Any CPU
		{A1396835-D3E0-4B55-856F-5779471EE156}.Debug|Any CPU.Build.0 = Debug|Any CPU
		{A1396835-D3E0-4B55-856F-5779471EE156}.Release|Any CPU.ActiveCfg = Release|Any CPU
		{A1396835-D3E0-4B55-856F-5779471EE156}.Release|Any CPU.Build.0 = Release|Any CPU
		{1EDB9DB8-A24C-4ABE-A68D-1A2D73FEAA2A}.Debug|Any CPU.ActiveCfg = Debug|Any CPU
		{1EDB9DB8-A24C-4ABE-A68D-1A2D73FEAA2A}.Debug|Any CPU.Build.0 = Debug|Any CPU
		{1EDB9DB8-A24C-4ABE-A68D-1A2D73FEAA2A}.Release|Any CPU.ActiveCfg = Release|Any CPU
		{1EDB9DB8-A24C-4ABE-A68D-1A2D73FEAA2A}.Release|Any CPU.Build.0 = Release|Any CPU
		{266A34B5-FB06-4850-9ACA-17277D87FFE4}.Debug|Any CPU.ActiveCfg = Debug|Any CPU
		{266A34B5-FB06-4850-9ACA-17277D87FFE4}.Debug|Any CPU.Build.0 = Debug|Any CPU
		{266A34B5-FB06-4850-9ACA-17277D87FFE4}.Release|Any CPU.ActiveCfg = Release|Any CPU
		{266A34B5-FB06-4850-9ACA-17277D87FFE4}.Release|Any CPU.Build.0 = Release|Any CPU
	EndGlobalSection
	GlobalSection(SolutionProperties) = preSolution
		HideSolutionNode = FALSE
	EndGlobalSection
	GlobalSection(NestedProjects) = preSolution
		{1EDB9DB8-A24C-4ABE-A68D-1A2D73FEAA2A} = {087DB9CB-59A7-45E6-88AC-60C5D734AFBB}
		{266A34B5-FB06-4850-9ACA-17277D87FFE4} = {043ABBBE-8DF8-4078-AA52-0AAAC5094D6C}
	EndGlobalSection
	GlobalSection(ExtensibilityGlobals) = postSolution
		SolutionGuid = {59C02EF8-62EC-466F-95E7-5224EAFBB3EE}
	EndGlobalSection
EndGlobal
